# This file is automatically @generated by Cargo.
# It is not intended for manual editing.
version = 4

[[package]]
name = "adler2"
version = "2.0.1"
source = "registry+https://github.com/rust-lang/crates.io-index"
checksum = "320119579fcad9c21884f5c4861d16174d0e06250625266f50fe6898340abefa"

[[package]]
name = "libz-rs-sys"
version = "0.6.8"
source = "registry+https://github.com/rust-lang/crates.io-index"
checksum = "434324ee61a8e4a05dd3fdf03d51c073ea7fdaf5a35b2ca33c4ca9f3f37def4a"
dependencies = [
 "zlib-rs",
]

[[package]]
name = "miniz_oxide"
version = "0.9.1"
source = "registry+https://github.com/rust-lang/crates.io-index"
checksum = "b63fbc4a50860e98e7b2aa7804ded1db5cbc3aff9193adaff57a6931bf7c4b4c"
dependencies = [
 "adler2",
]

[[package]]
name = "rust_replay"
version = "0.1.0"
dependencies = [
 "libz-rs-sys",
 "miniz_oxide",
]

[[package]]
name = "zlib-rs"
version = "0.6.8"
source = "registry+https://github.com/rust-lang/crates.io-index"
checksum = "b268e58e7c693d7c271f93ffc4ba3b380412554231c85bf61ca7af91042a4112"
